
Microsoft Visual Studio Solution File, Format Version 12.00
# Visual Studio Version 17
VisualStudioVersion = 17.4.33205.214
MinimumVisualStudioVersion = 10.0.40219.1
Project("{8BC9CEB8-8B4A-11D0-8D11-00A0C91BC942}") = "Strategy", "Strategy\Strategy.vcxproj", "{B3809CD4-4F7A-4461-B52D-BBBB4AE5BC8C}"
EndProject
Global
	GlobalSection(SolutionConfigurationPlatforms) = preSolution
		Debug|x64 = Debug|x64
		Debug|x86 = Debug|x86
		Release|x64 = Release|x64
		Release|x86 = Release|x86
	EndGlobalSection
	GlobalSection(ProjectConfigurationPlatforms) = postSolution
		{B3809CD4-4F7A-4461-B52D-BBBB4AE5BC8C}.Debug|x64.ActiveCfg = Debug|x64
		{B3809CD4-4F7A-4461-B52D-BBBB4AE5BC8C}.Debug|x64.Build.0 = Debug|x64
		{B3809CD4-4F7A-4461-B52D-BBBB4AE5BC8C}.Debug|x86.ActiveCfg = Debug|Win32
		{B3809CD4-4F7A-4461-B52D-BBBB4AE5BC8C}.Debug|x86.Build.0 = Debug|Win32
		{B3809CD4-4F7A-4461-B52D-BBBB4AE5BC8C}.Release|x64.ActiveCfg = Release|x64
		{B3809CD4-4F7A-4461-B52D-BBBB4AE5BC8C}.Release|x64.Build.0 = Release|x64
		{B3809CD4-4F7A-4461-B52D-BBBB4AE5BC8C}.Release|x86.ActiveCfg = Release|Win32
		{B3809CD4-4F7A-4461-B52D-BBBB4AE5BC8C}.Release|x86.Build.0 = Release|Win32
	EndGlobalSection
	GlobalSection(SolutionProperties) = preSolution
		HideSolutionNode = FALSE
	EndGlobalSection
	GlobalSection(ExtensibilityGlobals) = postSolution
		SolutionGuid = {C28C2452-C96A-4CA6-BD86-BEFA22C84C24}
	EndGlobalSection
EndGlobal
